// !$*UTF8*$!
{
	archiveVersion = 1;
	classes = {
	};
	objectVersion = 50;
	objects = {

/* Begin PBXBuildFile section */
		C4162BE825EDBF8A005E1832 /* RiMIngredientsDataSource+Fetch.swift in Sources */ = {isa = PBXBuildFile; fileRef = C4162BE725EDBF8A005E1832 /* RiMIngredientsDataSource+Fetch.swift */; };
		C41E154625EEA28E009E6AE4 /* RecipesRepository.swift in Sources */ = {isa = PBXBuildFile; fileRef = C41E154525EEA28E009E6AE4 /* RecipesRepository.swift */; };
		C41E154925EEA30A009E6AE4 /* RiMRecipesDataSource.swift in Sources */ = {isa = PBXBuildFile; fileRef = C41E154825EEA30A009E6AE4 /* RiMRecipesDataSource.swift */; };
		C41E154C25EEA335009E6AE4 /* RiMRecipesDataSource+Fetch.swift in Sources */ = {isa = PBXBuildFile; fileRef = C41E154B25EEA335009E6AE4 /* RiMRecipesDataSource+Fetch.swift */; };
		C41E155525EEA5CA009E6AE4 /* RecipesDTO.swift in Sources */ = {isa = PBXBuildFile; fileRef = C41E155425EEA5CA009E6AE4 /* RecipesDTO.swift */; };
		C41E155825EEA622009E6AE4 /* RecipeDTO.swift in Sources */ = {isa = PBXBuildFile; fileRef = C41E155725EEA622009E6AE4 /* RecipeDTO.swift */; };
		C41E155D25EEDF7E009E6AE4 /* FetchImageUseCaseable.swift in Sources */ = {isa = PBXBuildFile; fileRef = C41E155C25EEDF7E009E6AE4 /* FetchImageUseCaseable.swift */; };
		C41E156425EEE0D1009E6AE4 /* ImagesRepositable.swift in Sources */ = {isa = PBXBuildFile; fileRef = C41E156325EEE0D1009E6AE4 /* ImagesRepositable.swift */; };
		C41E156725EEE5EF009E6AE4 /* FetchImageUseCase.swift in Sources */ = {isa = PBXBuildFile; fileRef = C41E156625EEE5EF009E6AE4 /* FetchImageUseCase.swift */; };
		C41E156A25EEEB71009E6AE4 /* ImagesDataSourceable.swift in Sources */ = {isa = PBXBuildFile; fileRef = C41E156925EEEB71009E6AE4 /* ImagesDataSourceable.swift */; };
		C41E156D25EEEBC2009E6AE4 /* ImagesRepository.swift in Sources */ = {isa = PBXBuildFile; fileRef = C41E156C25EEEBC2009E6AE4 /* ImagesRepository.swift */; };
		C41E157225EEEC66009E6AE4 /* Pixabay.plist in Resources */ = {isa = PBXBuildFile; fileRef = C41E157125EEEC66009E6AE4 /* Pixabay.plist */; };
		C41E157625EEEE24009E6AE4 /* PixabayConfiguration.swift in Sources */ = {isa = PBXBuildFile; fileRef = C41E157525EEEE24009E6AE4 /* PixabayConfiguration.swift */; };
		C41E157B25EEF012009E6AE4 /* PixabayImagesDataSource.swift in Sources */ = {isa = PBXBuildFile; fileRef = C41E157A25EEF012009E6AE4 /* PixabayImagesDataSource.swift */; };
		C41E157F25EEF187009E6AE4 /* PixabayImagesDataSource+Fetch.swift in Sources */ = {isa = PBXBuildFile; fileRef = C41E157E25EEF187009E6AE4 /* PixabayImagesDataSource+Fetch.swift */; };
		C41E158225EEF63E009E6AE4 /* ImagesDTO.swift in Sources */ = {isa = PBXBuildFile; fileRef = C41E158125EEF63E009E6AE4 /* ImagesDTO.swift */; };
		C41E158525EEF7DB009E6AE4 /* ImageDTO.swift in Sources */ = {isa = PBXBuildFile; fileRef = C41E158425EEF7DB009E6AE4 /* ImageDTO.swift */; };
		C41E159A25F04BDB009E6AE4 /* Colors.xcassets in Resources */ = {isa = PBXBuildFile; fileRef = C41E159925F04BDB009E6AE4 /* Colors.xcassets */; };
		C41E159D25F05345009E6AE4 /* IngredientView.swift in Sources */ = {isa = PBXBuildFile; fileRef = C41E159C25F05345009E6AE4 /* IngredientView.swift */; };
		C48D986B25ED69E500C72873 /* FetchIngredientsUseCaseable.swift in Sources */ = {isa = PBXBuildFile; fileRef = C48D986A25ED69E500C72873 /* FetchIngredientsUseCaseable.swift */; };
		C48D986F25ED6ABE00C72873 /* FetchIngredientsUseCase.swift in Sources */ = {isa = PBXBuildFile; fileRef = C48D986E25ED6ABE00C72873 /* FetchIngredientsUseCase.swift */; };
		C48D987225ED6C5D00C72873 /* IngredientsRepositable.swift in Sources */ = {isa = PBXBuildFile; fileRef = C48D987125ED6C5D00C72873 /* IngredientsRepositable.swift */; };
		C48D987525ED6CAC00C72873 /* IngredientsRepository.swift in Sources */ = {isa = PBXBuildFile; fileRef = C48D987425ED6CAC00C72873 /* IngredientsRepository.swift */; };
		C48D987825ED6D7400C72873 /* IngredientsDataSourceable.swift in Sources */ = {isa = PBXBuildFile; fileRef = C48D987725ED6D7400C72873 /* IngredientsDataSourceable.swift */; };
		C48D987B25ED6EA900C72873 /* RiMIngredientsDataSource.swift in Sources */ = {isa = PBXBuildFile; fileRef = C48D987A25ED6EA900C72873 /* RiMIngredientsDataSource.swift */; };
		C48D987F25ED706F00C72873 /* IngredientsDTO.swift in Sources */ = {isa = PBXBuildFile; fileRef = C48D987E25ED706F00C72873 /* IngredientsDTO.swift */; };
		C48D988525ED72BE00C72873 /* Ingredient.swift in Sources */ = {isa = PBXBuildFile; fileRef = C48D988425ED72BE00C72873 /* Ingredient.swift */; };
		C48D988C25ED7C4200C72873 /* RiM.plist in Resources */ = {isa = PBXBuildFile; fileRef = C48D988B25ED7C4200C72873 /* RiM.plist */; };
		C48D988F25ED7E5700C72873 /* RiMConfiguration.swift in Sources */ = {isa = PBXBuildFile; fileRef = C48D988E25ED7E5700C72873 /* RiMConfiguration.swift */; };
		C4BDB0A925EE8338008E3367 /* RecipesDataSourceable.swift in Sources */ = {isa = PBXBuildFile; fileRef = C4BDB0A825EE8338008E3367 /* RecipesDataSourceable.swift */; };
		C4BDB0AD25EE837D008E3367 /* FetchRecipesUseCaseable.swift in Sources */ = {isa = PBXBuildFile; fileRef = C4BDB0AC25EE837D008E3367 /* FetchRecipesUseCaseable.swift */; };
		C4BDB0B025EE84AB008E3367 /* Recipe.swift in Sources */ = {isa = PBXBuildFile; fileRef = C4BDB0AF25EE84AB008E3367 /* Recipe.swift */; };
		C4BDB0B325EE86FB008E3367 /* FetchRecipesUseCase.swift in Sources */ = {isa = PBXBuildFile; fileRef = C4BDB0B225EE86FB008E3367 /* FetchRecipesUseCase.swift */; };
		C4BDB0B625EE8737008E3367 /* RecipesRepositable.swift in Sources */ = {isa = PBXBuildFile; fileRef = C4BDB0B525EE8737008E3367 /* RecipesRepositable.swift */; };
		C4BEA82125ED626000347F6C /* CookbookApp.swift in Sources */ = {isa = PBXBuildFile; fileRef = C4BEA82025ED626000347F6C /* CookbookApp.swift */; };
		C4BEA82325ED626000347F6C /* DiscoverView.swift in Sources */ = {isa = PBXBuildFile; fileRef = C4BEA82225ED626000347F6C /* DiscoverView.swift */; };
		C4BEA82525ED626100347F6C /* Assets.xcassets in Resources */ = {isa = PBXBuildFile; fileRef = C4BEA82425ED626100347F6C /* Assets.xcassets */; };
		C4C6949A25F1460000F3C5A0 /* FilterRecipesByIngredientsUseCaseable.swift in Sources */ = {isa = PBXBuildFile; fileRef = C4C6949925F1460000F3C5A0 /* FilterRecipesByIngredientsUseCaseable.swift */; };
		C4C6949D25F1465700F3C5A0 /* FilterRecipesByIngredientsUseCase.swift in Sources */ = {isa = PBXBuildFile; fileRef = C4C6949C25F1465700F3C5A0 /* FilterRecipesByIngredientsUseCase.swift */; };
		C4D25CF625F1B2AE00FB4E35 /* SectionTitleView.swift in Sources */ = {isa = PBXBuildFile; fileRef = C4D25CF525F1B2AE00FB4E35 /* SectionTitleView.swift */; };
		C4DA3B8925ED67140077993F /* DiscoverViewModel.swift in Sources */ = {isa = PBXBuildFile; fileRef = C4DA3B8825ED67140077993F /* DiscoverViewModel.swift */; };
		C4E759AB25F108F5006BD322 /* RecipeView.swift in Sources */ = {isa = PBXBuildFile; fileRef = C4E759AA25F108F5006BD322 /* RecipeView.swift */; };
/* End PBXBuildFile section */

/* Begin PBXFileReference section */
		C4162BE725EDBF8A005E1832 /* RiMIngredientsDataSource+Fetch.swift */ = {isa = PBXFileReference; lastKnownFileType = sourcecode.swift; path = "RiMIngredientsDataSource+Fetch.swift"; sourceTree = "<group>"; };
		C41E154525EEA28E009E6AE4 /* RecipesRepository.swift */ = {isa = PBXFileReference; lastKnownFileType = sourcecode.swift; path = RecipesRepository.swift; sourceTree = "<group>"; };
		C41E154825EEA30A009E6AE4 /* RiMRecipesDataSource.swift */ = {isa = PBXFileReference; lastKnownFileType = sourcecode.swift; path = RiMRecipesDataSource.swift; sourceTree = "<group>"; };
		C41E154B25EEA335009E6AE4 /* RiMRecipesDataSource+Fetch.swift */ = {isa = PBXFileReference; lastKnownFileType = sourcecode.swift; path = "RiMRecipesDataSource+Fetch.swift"; sourceTree = "<group>"; };
		C41E155425EEA5CA009E6AE4 /* RecipesDTO.swift */ = {isa = PBXFileReference; lastKnownFileType = sourcecode.swift; path = RecipesDTO.swift; sourceTree = "<group>"; };
		C41E155725EEA622009E6AE4 /* RecipeDTO.swift */ = {isa = PBXFileReference; lastKnownFileType = sourcecode.swift; path = RecipeDTO.swift; sourceTree = "<group>"; };
		C41E155C25EEDF7E009E6AE4 /* FetchImageUseCaseable.swift */ = {isa = PBXFileReference; lastKnownFileType = sourcecode.swift; path = FetchImageUseCaseable.swift; sourceTree = "<group>"; };
		C41E156325EEE0D1009E6AE4 /* ImagesRepositable.swift */ = {isa = PBXFileReference; lastKnownFileType = sourcecode.swift; path = ImagesRepositable.swift; sourceTree = "<group>"; };
		C41E156625EEE5EF009E6AE4 /* FetchImageUseCase.swift */ = {isa = PBXFileReference; lastKnownFileType = sourcecode.swift; path = FetchImageUseCase.swift; sourceTree = "<group>"; };
		C41E156925EEEB71009E6AE4 /* ImagesDataSourceable.swift */ = {isa = PBXFileReference; lastKnownFileType = sourcecode.swift; path = ImagesDataSourceable.swift; sourceTree = "<group>"; };
		C41E156C25EEEBC2009E6AE4 /* ImagesRepository.swift */ = {isa = PBXFileReference; lastKnownFileType = sourcecode.swift; path = ImagesRepository.swift; sourceTree = "<group>"; };
		C41E157125EEEC66009E6AE4 /* Pixabay.plist */ = {isa = PBXFileReference; lastKnownFileType = text.plist.xml; path = Pixabay.plist; sourceTree = "<group>"; };
		C41E157525EEEE24009E6AE4 /* PixabayConfiguration.swift */ = {isa = PBXFileReference; lastKnownFileType = sourcecode.swift; path = PixabayConfiguration.swift; sourceTree = "<group>"; };
		C41E157A25EEF012009E6AE4 /* PixabayImagesDataSource.swift */ = {isa = PBXFileReference; lastKnownFileType = sourcecode.swift; path = PixabayImagesDataSource.swift; sourceTree = "<group>"; };
		C41E157E25EEF187009E6AE4 /* PixabayImagesDataSource+Fetch.swift */ = {isa = PBXFileReference; lastKnownFileType = sourcecode.swift; path = "PixabayImagesDataSource+Fetch.swift"; sourceTree = "<group>"; };
		C41E158125EEF63E009E6AE4 /* ImagesDTO.swift */ = {isa = PBXFileReference; lastKnownFileType = sourcecode.swift; path = ImagesDTO.swift; sourceTree = "<group>"; };
		C41E158425EEF7DB009E6AE4 /* ImageDTO.swift */ = {isa = PBXFileReference; lastKnownFileType = sourcecode.swift; path = ImageDTO.swift; sourceTree = "<group>"; };
		C41E159925F04BDB009E6AE4 /* Colors.xcassets */ = {isa = PBXFileReference; lastKnownFileType = folder.assetcatalog; path = Colors.xcassets; sourceTree = "<group>"; };
		C41E159C25F05345009E6AE4 /* IngredientView.swift */ = {isa = PBXFileReference; lastKnownFileType = sourcecode.swift; path = IngredientView.swift; sourceTree = "<group>"; };
		C48D986A25ED69E500C72873 /* FetchIngredientsUseCaseable.swift */ = {isa = PBXFileReference; lastKnownFileType = sourcecode.swift; path = FetchIngredientsUseCaseable.swift; sourceTree = "<group>"; };
		C48D986E25ED6ABE00C72873 /* FetchIngredientsUseCase.swift */ = {isa = PBXFileReference; lastKnownFileType = sourcecode.swift; path = FetchIngredientsUseCase.swift; sourceTree = "<group>"; };
		C48D987125ED6C5D00C72873 /* IngredientsRepositable.swift */ = {isa = PBXFileReference; lastKnownFileType = sourcecode.swift; path = IngredientsRepositable.swift; sourceTree = "<group>"; };
		C48D987425ED6CAC00C72873 /* IngredientsRepository.swift */ = {isa = PBXFileReference; lastKnownFileType = sourcecode.swift; path = IngredientsRepository.swift; sourceTree = "<group>"; };
		C48D987725ED6D7400C72873 /* IngredientsDataSourceable.swift */ = {isa = PBXFileReference; lastKnownFileType = sourcecode.swift; path = IngredientsDataSourceable.swift; sourceTree = "<group>"; };
		C48D987A25ED6EA900C72873 /* RiMIngredientsDataSource.swift */ = {isa = PBXFileReference; lastKnownFileType = sourcecode.swift; path = RiMIngredientsDataSource.swift; sourceTree = "<group>"; };
		C48D987E25ED706F00C72873 /* IngredientsDTO.swift */ = {isa = PBXFileReference; lastKnownFileType = sourcecode.swift; path = IngredientsDTO.swift; sourceTree = "<group>"; };
		C48D988425ED72BE00C72873 /* Ingredient.swift */ = {isa = PBXFileReference; lastKnownFileType = sourcecode.swift; path = Ingredient.swift; sourceTree = "<group>"; };
		C48D988B25ED7C4200C72873 /* RiM.plist */ = {isa = PBXFileReference; lastKnownFileType = text.plist.xml; path = RiM.plist; sourceTree = "<group>"; };
		C48D988E25ED7E5700C72873 /* RiMConfiguration.swift */ = {isa = PBXFileReference; lastKnownFileType = sourcecode.swift; path = RiMConfiguration.swift; sourceTree = "<group>"; };
		C4BDB0A825EE8338008E3367 /* RecipesDataSourceable.swift */ = {isa = PBXFileReference; lastKnownFileType = sourcecode.swift; path = RecipesDataSourceable.swift; sourceTree = "<group>"; };
		C4BDB0AC25EE837D008E3367 /* FetchRecipesUseCaseable.swift */ = {isa = PBXFileReference; lastKnownFileType = sourcecode.swift; path = FetchRecipesUseCaseable.swift; sourceTree = "<group>"; };
		C4BDB0AF25EE84AB008E3367 /* Recipe.swift */ = {isa = PBXFileReference; lastKnownFileType = sourcecode.swift; path = Recipe.swift; sourceTree = "<group>"; };
		C4BDB0B225EE86FB008E3367 /* FetchRecipesUseCase.swift */ = {isa = PBXFileReference; lastKnownFileType = sourcecode.swift; path = FetchRecipesUseCase.swift; sourceTree = "<group>"; };
		C4BDB0B525EE8737008E3367 /* RecipesRepositable.swift */ = {isa = PBXFileReference; lastKnownFileType = sourcecode.swift; path = RecipesRepositable.swift; sourceTree = "<group>"; };
		C4BEA81D25ED626000347F6C /* Cookbook.app */ = {isa = PBXFileReference; explicitFileType = wrapper.application; includeInIndex = 0; path = Cookbook.app; sourceTree = BUILT_PRODUCTS_DIR; };
		C4BEA82025ED626000347F6C /* CookbookApp.swift */ = {isa = PBXFileReference; lastKnownFileType = sourcecode.swift; path = CookbookApp.swift; sourceTree = "<group>"; };
		C4BEA82225ED626000347F6C /* DiscoverView.swift */ = {isa = PBXFileReference; lastKnownFileType = sourcecode.swift; path = DiscoverView.swift; sourceTree = "<group>"; };
		C4BEA82425ED626100347F6C /* Assets.xcassets */ = {isa = PBXFileReference; lastKnownFileType = folder.assetcatalog; path = Assets.xcassets; sourceTree = "<group>"; };
		C4BEA82925ED626100347F6C /* Info.plist */ = {isa = PBXFileReference; lastKnownFileType = text.plist.xml; path = Info.plist; sourceTree = "<group>"; };
		C4C6949925F1460000F3C5A0 /* FilterRecipesByIngredientsUseCaseable.swift */ = {isa = PBXFileReference; lastKnownFileType = sourcecode.swift; path = FilterRecipesByIngredientsUseCaseable.swift; sourceTree = "<group>"; };
		C4C6949C25F1465700F3C5A0 /* FilterRecipesByIngredientsUseCase.swift */ = {isa = PBXFileReference; lastKnownFileType = sourcecode.swift; path = FilterRecipesByIngredientsUseCase.swift; sourceTree = "<group>"; };
		C4D25CF525F1B2AE00FB4E35 /* SectionTitleView.swift */ = {isa = PBXFileReference; lastKnownFileType = sourcecode.swift; path = SectionTitleView.swift; sourceTree = "<group>"; };
		C4DA3B8825ED67140077993F /* DiscoverViewModel.swift */ = {isa = PBXFileReference; lastKnownFileType = sourcecode.swift; path = DiscoverViewModel.swift; sourceTree = "<group>"; };
		C4E759AA25F108F5006BD322 /* RecipeView.swift */ = {isa = PBXFileReference; lastKnownFileType = sourcecode.swift; path = RecipeView.swift; sourceTree = "<group>"; };
/* End PBXFileReference section */

/* Begin PBXFrameworksBuildPhase section */
		C4BEA81A25ED626000347F6C /* Frameworks */ = {
			isa = PBXFrameworksBuildPhase;
			buildActionMask = 2147483647;
			files = (
			);
			runOnlyForDeploymentPostprocessing = 0;
		};
/* End PBXFrameworksBuildPhase section */

/* Begin PBXGroup section */
		C41E156F25EEEC09009E6AE4 /* Pixabay */ = {
			isa = PBXGroup;
			children = (
				C41E157025EEEC25009E6AE4 /* Configuration */,
				C41E157425EEEE06009E6AE4 /* Entities */,
				C41E157925EEEFDC009E6AE4 /* DataSources */,
			);
			path = Pixabay;
			sourceTree = "<group>";
		};
		C41E157025EEEC25009E6AE4 /* Configuration */ = {
			isa = PBXGroup;
			children = (
				C41E157125EEEC66009E6AE4 /* Pixabay.plist */,
				C41E157525EEEE24009E6AE4 /* PixabayConfiguration.swift */,
			);
			path = Configuration;
			sourceTree = "<group>";
		};
		C41E157425EEEE06009E6AE4 /* Entities */ = {
			isa = PBXGroup;
			children = (
				C41E158125EEF63E009E6AE4 /* ImagesDTO.swift */,
				C41E158425EEF7DB009E6AE4 /* ImageDTO.swift */,
			);
			path = Entities;
			sourceTree = "<group>";
		};
		C41E157925EEEFDC009E6AE4 /* DataSources */ = {
			isa = PBXGroup;
			children = (
				C41E157A25EEF012009E6AE4 /* PixabayImagesDataSource.swift */,
				C41E157E25EEF187009E6AE4 /* PixabayImagesDataSource+Fetch.swift */,
			);
			path = DataSources;
			sourceTree = "<group>";
		};
		C48D986825ED698800C72873 /* UseCases */ = {
			isa = PBXGroup;
			children = (
				C41E155C25EEDF7E009E6AE4 /* FetchImageUseCaseable.swift */,
				C48D986A25ED69E500C72873 /* FetchIngredientsUseCaseable.swift */,
				C4BDB0AC25EE837D008E3367 /* FetchRecipesUseCaseable.swift */,
				C4C6949925F1460000F3C5A0 /* FilterRecipesByIngredientsUseCaseable.swift */,
			);
			path = UseCases;
			sourceTree = "<group>";
		};
		C48D986925ED699000C72873 /* Repositories */ = {
			isa = PBXGroup;
			children = (
				C48D987125ED6C5D00C72873 /* IngredientsRepositable.swift */,
				C4BDB0B525EE8737008E3367 /* RecipesRepositable.swift */,
				C41E156325EEE0D1009E6AE4 /* ImagesRepositable.swift */,
			);
			path = Repositories;
			sourceTree = "<group>";
		};
		C48D987D25ED705900C72873 /* Entities */ = {
			isa = PBXGroup;
			children = (
				C48D987E25ED706F00C72873 /* IngredientsDTO.swift */,
				C41E155425EEA5CA009E6AE4 /* RecipesDTO.swift */,
				C41E155725EEA622009E6AE4 /* RecipeDTO.swift */,
			);
			path = Entities;
			sourceTree = "<group>";
		};
		C48D988225ED72A600C72873 /* Entities */ = {
			isa = PBXGroup;
			children = (
				C48D988425ED72BE00C72873 /* Ingredient.swift */,
				C4BDB0AF25EE84AB008E3367 /* Recipe.swift */,
			);
			path = Entities;
			sourceTree = "<group>";
		};
		C48D988825ED7B0200C72873 /* RiM */ = {
			isa = PBXGroup;
			children = (
				C48D988A25ED7B4100C72873 /* Configuration */,
				C48D987D25ED705900C72873 /* Entities */,
				C48D988925ED7B2100C72873 /* DataSources */,
			);
			path = RiM;
			sourceTree = "<group>";
		};
		C48D988925ED7B2100C72873 /* DataSources */ = {
			isa = PBXGroup;
			children = (
				C4BDB0A725EE8313008E3367 /* Recipes */,
				C4BDB0A625EE8309008E3367 /* Ingredients */,
			);
			path = DataSources;
			sourceTree = "<group>";
		};
		C48D988A25ED7B4100C72873 /* Configuration */ = {
			isa = PBXGroup;
			children = (
				C48D988B25ED7C4200C72873 /* RiM.plist */,
				C48D988E25ED7E5700C72873 /* RiMConfiguration.swift */,
			);
			path = Configuration;
			sourceTree = "<group>";
		};
		C4BDB0A625EE8309008E3367 /* Ingredients */ = {
			isa = PBXGroup;
			children = (
				C48D987A25ED6EA900C72873 /* RiMIngredientsDataSource.swift */,
				C4162BE725EDBF8A005E1832 /* RiMIngredientsDataSource+Fetch.swift */,
			);
			path = Ingredients;
			sourceTree = "<group>";
		};
		C4BDB0A725EE8313008E3367 /* Recipes */ = {
			isa = PBXGroup;
			children = (
				C41E154825EEA30A009E6AE4 /* RiMRecipesDataSource.swift */,
				C41E154B25EEA335009E6AE4 /* RiMRecipesDataSource+Fetch.swift */,
			);
			path = Recipes;
			sourceTree = "<group>";
		};
		C4BEA81425ED625F00347F6C = {
			isa = PBXGroup;
			children = (
				C4BEA81F25ED626000347F6C /* Cookbook */,
				C4BEA81E25ED626000347F6C /* Products */,
			);
			sourceTree = "<group>";
		};
		C4BEA81E25ED626000347F6C /* Products */ = {
			isa = PBXGroup;
			children = (
				C4BEA81D25ED626000347F6C /* Cookbook.app */,
			);
			name = Products;
			sourceTree = "<group>";
		};
		C4BEA81F25ED626000347F6C /* Cookbook */ = {
			isa = PBXGroup;
			children = (
				C4BEA83325ED633600347F6C /* App */,
				C4BEA83025ED632200347F6C /* Presentation */,
				C4BEA83125ED632C00347F6C /* Domain */,
				C4BEA83225ED633000347F6C /* Data */,
			);
			path = Cookbook;
			sourceTree = "<group>";
		};
		C4BEA83025ED632200347F6C /* Presentation */ = {
			isa = PBXGroup;
			children = (
				C4BEA83625ED638400347F6C /* Scenes */,
				C4BEA83525ED637A00347F6C /* Assets */,
			);
			path = Presentation;
			sourceTree = "<group>";
		};
		C4BEA83125ED632C00347F6C /* Domain */ = {
			isa = PBXGroup;
			children = (
				C4DA3B8525ED66F00077993F /* Protocols */,
				C48D988225ED72A600C72873 /* Entities */,
				C4DA3B8425ED66EA0077993F /* UseCases */,
			);
			path = Domain;
			sourceTree = "<group>";
		};
		C4BEA83225ED633000347F6C /* Data */ = {
			isa = PBXGroup;
			children = (
				C4DA3B8325ED66DD0077993F /* Protocols */,
				C4DA3B8125ED66CC0077993F /* Repositories */,
				C4DA3B8225ED66D50077993F /* DataSources */,
			);
			path = Data;
			sourceTree = "<group>";
		};
		C4BEA83325ED633600347F6C /* App */ = {
			isa = PBXGroup;
			children = (
				C4BEA83B25ED640000347F6C /* Lifecycle */,
				C4BEA83725ED638F00347F6C /* Configuration */,
			);
			path = App;
			sourceTree = "<group>";
		};
		C4BEA83525ED637A00347F6C /* Assets */ = {
			isa = PBXGroup;
			children = (
				C4BEA82425ED626100347F6C /* Assets.xcassets */,
				C41E159925F04BDB009E6AE4 /* Colors.xcassets */,
			);
			path = Assets;
			sourceTree = "<group>";
		};
		C4BEA83625ED638400347F6C /* Scenes */ = {
			isa = PBXGroup;
			children = (
				C4BEA83A25ED63CA00347F6C /* Discover */,
			);
			path = Scenes;
			sourceTree = "<group>";
		};
		C4BEA83725ED638F00347F6C /* Configuration */ = {
			isa = PBXGroup;
			children = (
				C4BEA82925ED626100347F6C /* Info.plist */,
			);
			path = Configuration;
			sourceTree = "<group>";
		};
		C4BEA83A25ED63CA00347F6C /* Discover */ = {
			isa = PBXGroup;
			children = (
				C4DA3B8725ED67010077993F /* ViewModels */,
				C4DA3B8625ED66F90077993F /* Views */,
			);
			path = Discover;
			sourceTree = "<group>";
		};
		C4BEA83B25ED640000347F6C /* Lifecycle */ = {
			isa = PBXGroup;
			children = (
				C4BEA82025ED626000347F6C /* CookbookApp.swift */,
			);
			path = Lifecycle;
			sourceTree = "<group>";
		};
		C4DA3B8125ED66CC0077993F /* Repositories */ = {
			isa = PBXGroup;
			children = (
				C48D987425ED6CAC00C72873 /* IngredientsRepository.swift */,
				C41E154525EEA28E009E6AE4 /* RecipesRepository.swift */,
				C41E156C25EEEBC2009E6AE4 /* ImagesRepository.swift */,
			);
			path = Repositories;
			sourceTree = "<group>";
		};
		C4DA3B8225ED66D50077993F /* DataSources */ = {
			isa = PBXGroup;
			children = (
				C41E156F25EEEC09009E6AE4 /* Pixabay */,
				C48D988825ED7B0200C72873 /* RiM */,
			);
			path = DataSources;
			sourceTree = "<group>";
		};
		C4DA3B8325ED66DD0077993F /* Protocols */ = {
			isa = PBXGroup;
			children = (
				C48D987725ED6D7400C72873 /* IngredientsDataSourceable.swift */,
				C4BDB0A825EE8338008E3367 /* RecipesDataSourceable.swift */,
				C41E156925EEEB71009E6AE4 /* ImagesDataSourceable.swift */,
			);
			path = Protocols;
			sourceTree = "<group>";
		};
		C4DA3B8425ED66EA0077993F /* UseCases */ = {
			isa = PBXGroup;
			children = (
				C41E156625EEE5EF009E6AE4 /* FetchImageUseCase.swift */,
				C48D986E25ED6ABE00C72873 /* FetchIngredientsUseCase.swift */,
				C4BDB0B225EE86FB008E3367 /* FetchRecipesUseCase.swift */,
				C4C6949C25F1465700F3C5A0 /* FilterRecipesByIngredientsUseCase.swift */,
			);
			path = UseCases;
			sourceTree = "<group>";
		};
		C4DA3B8525ED66F00077993F /* Protocols */ = {
			isa = PBXGroup;
			children = (
				C48D986825ED698800C72873 /* UseCases */,
				C48D986925ED699000C72873 /* Repositories */,
			);
			path = Protocols;
			sourceTree = "<group>";
		};
		C4DA3B8625ED66F90077993F /* Views */ = {
			isa = PBXGroup;
			children = (
				C4E759AD25F137AD006BD322 /* Screens */,
				C4E759AE25F137D2006BD322 /* Views */,
			);
			path = Views;
			sourceTree = "<group>";
		};
		C4DA3B8725ED67010077993F /* ViewModels */ = {
			isa = PBXGroup;
			children = (
				C4DA3B8825ED67140077993F /* DiscoverViewModel.swift */,
			);
			path = ViewModels;
			sourceTree = "<group>";
		};
		C4E759AD25F137AD006BD322 /* Screens */ = {
			isa = PBXGroup;
			children = (
				C4BEA82225ED626000347F6C /* DiscoverView.swift */,
			);
			path = Screens;
			sourceTree = "<group>";
		};
		C4E759AE25F137D2006BD322 /* Views */ = {
			isa = PBXGroup;
			children = (
				C41E159C25F05345009E6AE4 /* IngredientView.swift */,
				C4E759AA25F108F5006BD322 /* RecipeView.swift */,
				C4D25CF525F1B2AE00FB4E35 /* SectionTitleView.swift */,
			);
			path = Views;
			sourceTree = "<group>";
		};
/* End PBXGroup section */

/* Begin PBXNativeTarget section */
		C4BEA81C25ED626000347F6C /* Cookbook */ = {
			isa = PBXNativeTarget;
			buildConfigurationList = C4BEA82C25ED626100347F6C /* Build configuration list for PBXNativeTarget "Cookbook" */;
			buildPhases = (
				C4BEA81925ED626000347F6C /* Sources */,
				C4BEA81A25ED626000347F6C /* Frameworks */,
				C4BEA81B25ED626000347F6C /* Resources */,
			);
			buildRules = (
			);
			dependencies = (
			);
			name = Cookbook;
			productName = Cookbook;
			productReference = C4BEA81D25ED626000347F6C /* Cookbook.app */;
			productType = "com.apple.product-type.application";
		};
/* End PBXNativeTarget section */

/* Begin PBXProject section */
		C4BEA81525ED625F00347F6C /* Project object */ = {
			isa = PBXProject;
			attributes = {
				LastSwiftUpdateCheck = 1240;
				LastUpgradeCheck = 1240;
				TargetAttributes = {
					C4BEA81C25ED626000347F6C = {
						CreatedOnToolsVersion = 12.4;
					};
				};
			};
			buildConfigurationList = C4BEA81825ED625F00347F6C /* Build configuration list for PBXProject "Cookbook" */;
			compatibilityVersion = "Xcode 9.3";
			developmentRegion = en;
			hasScannedForEncodings = 0;
			knownRegions = (
				en,
				Base,
			);
			mainGroup = C4BEA81425ED625F00347F6C;
			productRefGroup = C4BEA81E25ED626000347F6C /* Products */;
			projectDirPath = "";
			projectRoot = "";
			targets = (
				C4BEA81C25ED626000347F6C /* Cookbook */,
			);
		};
/* End PBXProject section */

/* Begin PBXResourcesBuildPhase section */
		C4BEA81B25ED626000347F6C /* Resources */ = {
			isa = PBXResourcesBuildPhase;
			buildActionMask = 2147483647;
			files = (
				C4BEA82525ED626100347F6C /* Assets.xcassets in Resources */,
				C41E159A25F04BDB009E6AE4 /* Colors.xcassets in Resources */,
				C48D988C25ED7C4200C72873 /* RiM.plist in Resources */,
				C41E157225EEEC66009E6AE4 /* Pixabay.plist in Resources */,
			);
			runOnlyForDeploymentPostprocessing = 0;
		};
/* End PBXResourcesBuildPhase section */

/* Begin PBXSourcesBuildPhase section */
		C4BEA81925ED626000347F6C /* Sources */ = {
			isa = PBXSourcesBuildPhase;
			buildActionMask = 2147483647;
			files = (
				C4BDB0A925EE8338008E3367 /* RecipesDataSourceable.swift in Sources */,
				C48D987B25ED6EA900C72873 /* RiMIngredientsDataSource.swift in Sources */,
				C48D987525ED6CAC00C72873 /* IngredientsRepository.swift in Sources */,
				C4BDB0B325EE86FB008E3367 /* FetchRecipesUseCase.swift in Sources */,
				C41E155825EEA622009E6AE4 /* RecipeDTO.swift in Sources */,
				C48D987F25ED706F00C72873 /* IngredientsDTO.swift in Sources */,
				C4DA3B8925ED67140077993F /* DiscoverViewModel.swift in Sources */,
				C41E158225EEF63E009E6AE4 /* ImagesDTO.swift in Sources */,
				C41E156D25EEEBC2009E6AE4 /* ImagesRepository.swift in Sources */,
				C41E157625EEEE24009E6AE4 /* PixabayConfiguration.swift in Sources */,
				C4162BE825EDBF8A005E1832 /* RiMIngredientsDataSource+Fetch.swift in Sources */,
				C41E156725EEE5EF009E6AE4 /* FetchImageUseCase.swift in Sources */,
				C48D986F25ED6ABE00C72873 /* FetchIngredientsUseCase.swift in Sources */,
				C48D988F25ED7E5700C72873 /* RiMConfiguration.swift in Sources */,
				C41E157B25EEF012009E6AE4 /* PixabayImagesDataSource.swift in Sources */,
				C41E156A25EEEB71009E6AE4 /* ImagesDataSourceable.swift in Sources */,
				C41E154C25EEA335009E6AE4 /* RiMRecipesDataSource+Fetch.swift in Sources */,
				C41E154625EEA28E009E6AE4 /* RecipesRepository.swift in Sources */,
				C41E155525EEA5CA009E6AE4 /* RecipesDTO.swift in Sources */,
				C41E159D25F05345009E6AE4 /* IngredientView.swift in Sources */,
				C4C6949D25F1465700F3C5A0 /* FilterRecipesByIngredientsUseCase.swift in Sources */,
				C4BDB0B625EE8737008E3367 /* RecipesRepositable.swift in Sources */,
				C48D986B25ED69E500C72873 /* FetchIngredientsUseCaseable.swift in Sources */,
				C48D987225ED6C5D00C72873 /* IngredientsRepositable.swift in Sources */,
				C41E155D25EEDF7E009E6AE4 /* FetchImageUseCaseable.swift in Sources */,
				C4E759AB25F108F5006BD322 /* RecipeView.swift in Sources */,
				C41E158525EEF7DB009E6AE4 /* ImageDTO.swift in Sources */,
				C48D987825ED6D7400C72873 /* IngredientsDataSourceable.swift in Sources */,
				C4C6949A25F1460000F3C5A0 /* FilterRecipesByIngredientsUseCaseable.swift in Sources */,
				C4BEA82325ED626000347F6C /* DiscoverView.swift in Sources */,
				C41E154925EEA30A009E6AE4 /* RiMRecipesDataSource.swift in Sources */,
				C41E156425EEE0D1009E6AE4 /* ImagesRepositable.swift in Sources */,
				C4BDB0AD25EE837D008E3367 /* FetchRecipesUseCaseable.swift in Sources */,
				C41E157F25EEF187009E6AE4 /* PixabayImagesDataSource+Fetch.swift in Sources */,
				C4BEA82125ED626000347F6C /* CookbookApp.swift in Sources */,
				C48D988525ED72BE00C72873 /* Ingredient.swift in Sources */,
				C4BDB0B025EE84AB008E3367 /* Recipe.swift in Sources */,
				C4D25CF625F1B2AE00FB4E35 /* SectionTitleView.swift in Sources */,
			);
			runOnlyForDeploymentPostprocessing = 0;
		};
/* End PBXSourcesBuildPhase section */

/* Begin XCBuildConfiguration section */
		C4BEA82A25ED626100347F6C /* Debug */ = {
			isa = XCBuildConfiguration;
			buildSettings = {
				ALWAYS_SEARCH_USER_PATHS = NO;
				CLANG_ANALYZER_NONNULL = YES;
				CLANG_ANALYZER_NUMBER_OBJECT_CONVERSION = YES_AGGRESSIVE;
				CLANG_CXX_LANGUAGE_STANDARD = "gnu++14";
				CLANG_CXX_LIBRARY = "libc++";
				CLANG_ENABLE_MODULES = YES;
				CLANG_ENABLE_OBJC_ARC = YES;
				CLANG_ENABLE_OBJC_WEAK = YES;
				CLANG_WARN_BLOCK_CAPTURE_AUTORELEASING = YES;
				CLANG_WARN_BOOL_CONVERSION = YES;
				CLANG_WARN_COMMA = YES;
				CLANG_WARN_CONSTANT_CONVERSION = YES;
				CLANG_WARN_DEPRECATED_OBJC_IMPLEMENTATIONS = YES;
				CLANG_WARN_DIRECT_OBJC_ISA_USAGE = YES_ERROR;
				CLANG_WARN_DOCUMENTATION_COMMENTS = YES;
				CLANG_WARN_EMPTY_BODY = YES;
				CLANG_WARN_ENUM_CONVERSION = YES;
				CLANG_WARN_INFINITE_RECURSION = YES;
				CLANG_WARN_INT_CONVERSION = YES;
				CLANG_WARN_NON_LITERAL_NULL_CONVERSION = YES;
				CLANG_WARN_OBJC_IMPLICIT_RETAIN_SELF = YES;
				CLANG_WARN_OBJC_LITERAL_CONVERSION = YES;
				CLANG_WARN_OBJC_ROOT_CLASS = YES_ERROR;
				CLANG_WARN_QUOTED_INCLUDE_IN_FRAMEWORK_HEADER = YES;
				CLANG_WARN_RANGE_LOOP_ANALYSIS = YES;
				CLANG_WARN_STRICT_PROTOTYPES = YES;
				CLANG_WARN_SUSPICIOUS_MOVE = YES;
				CLANG_WARN_UNGUARDED_AVAILABILITY = YES_AGGRESSIVE;
				CLANG_WARN_UNREACHABLE_CODE = YES;
				CLANG_WARN__DUPLICATE_METHOD_MATCH = YES;
				COPY_PHASE_STRIP = NO;
				DEBUG_INFORMATION_FORMAT = dwarf;
				ENABLE_STRICT_OBJC_MSGSEND = YES;
				ENABLE_TESTABILITY = YES;
				GCC_C_LANGUAGE_STANDARD = gnu11;
				GCC_DYNAMIC_NO_PIC = NO;
				GCC_NO_COMMON_BLOCKS = YES;
				GCC_OPTIMIZATION_LEVEL = 0;
				GCC_PREPROCESSOR_DEFINITIONS = (
					"DEBUG=1",
					"$(inherited)",
				);
				GCC_WARN_64_TO_32_BIT_CONVERSION = YES;
				GCC_WARN_ABOUT_RETURN_TYPE = YES_ERROR;
				GCC_WARN_UNDECLARED_SELECTOR = YES;
				GCC_WARN_UNINITIALIZED_AUTOS = YES_AGGRESSIVE;
				GCC_WARN_UNUSED_FUNCTION = YES;
				GCC_WARN_UNUSED_VARIABLE = YES;
				IPHONEOS_DEPLOYMENT_TARGET = 14.4;
				MTL_ENABLE_DEBUG_INFO = INCLUDE_SOURCE;
				MTL_FAST_MATH = YES;
				ONLY_ACTIVE_ARCH = YES;
				SDKROOT = iphoneos;
				SWIFT_ACTIVE_COMPILATION_CONDITIONS = DEBUG;
				SWIFT_OPTIMIZATION_LEVEL = "-Onone";
			};
			name = Debug;
		};
		C4BEA82B25ED626100347F6C /* Release */ = {
			isa = XCBuildConfiguration;
			buildSettings = {
				ALWAYS_SEARCH_USER_PATHS = NO;
				CLANG_ANALYZER_NONNULL = YES;
				CLANG_ANALYZER_NUMBER_OBJECT_CONVERSION = YES_AGGRESSIVE;
				CLANG_CXX_LANGUAGE_STANDARD = "gnu++14";
				CLANG_CXX_LIBRARY = "libc++";
				CLANG_ENABLE_MODULES = YES;
				CLANG_ENABLE_OBJC_ARC = YES;
				CLANG_ENABLE_OBJC_WEAK = YES;
				CLANG_WARN_BLOCK_CAPTURE_AUTORELEASING = YES;
				CLANG_WARN_BOOL_CONVERSION = YES;
				CLANG_WARN_COMMA = YES;
				CLANG_WARN_CONSTANT_CONVERSION = YES;
				CLANG_WARN_DEPRECATED_OBJC_IMPLEMENTATIONS = YES;
				CLANG_WARN_DIRECT_OBJC_ISA_USAGE = YES_ERROR;
				CLANG_WARN_DOCUMENTATION_COMMENTS = YES;
				CLANG_WARN_EMPTY_BODY = YES;
				CLANG_WARN_ENUM_CONVERSION = YES;
				CLANG_WARN_INFINITE_RECURSION = YES;
				CLANG_WARN_INT_CONVERSION = YES;
				CLANG_WARN_NON_LITERAL_NULL_CONVERSION = YES;
				CLANG_WARN_OBJC_IMPLICIT_RETAIN_SELF = YES;
				CLANG_WARN_OBJC_LITERAL_CONVERSION = YES;
				CLANG_WARN_OBJC_ROOT_CLASS = YES_ERROR;
				CLANG_WARN_QUOTED_INCLUDE_IN_FRAMEWORK_HEADER = YES;
				CLANG_WARN_RANGE_LOOP_ANALYSIS = YES;
				CLANG_WARN_STRICT_PROTOTYPES = YES;
				CLANG_WARN_SUSPICIOUS_MOVE = YES;
				CLANG_WARN_UNGUARDED_AVAILABILITY = YES_AGGRESSIVE;
				CLANG_WARN_UNREACHABLE_CODE = YES;
				CLANG_WARN__DUPLICATE_METHOD_MATCH = YES;
				COPY_PHASE_STRIP = NO;
				DEBUG_INFORMATION_FORMAT = "dwarf-with-dsym";
				ENABLE_NS_ASSERTIONS = NO;
				ENABLE_STRICT_OBJC_MSGSEND = YES;
				GCC_C_LANGUAGE_STANDARD = gnu11;
				GCC_NO_COMMON_BLOCKS = YES;
				GCC_WARN_64_TO_32_BIT_CONVERSION = YES;
				GCC_WARN_ABOUT_RETURN_TYPE = YES_ERROR;
				GCC_WARN_UNDECLARED_SELECTOR = YES;
				GCC_WARN_UNINITIALIZED_AUTOS = YES_AGGRESSIVE;
				GCC_WARN_UNUSED_FUNCTION = YES;
				GCC_WARN_UNUSED_VARIABLE = YES;
				IPHONEOS_DEPLOYMENT_TARGET = 14.4;
				MTL_ENABLE_DEBUG_INFO = NO;
				MTL_FAST_MATH = YES;
				SDKROOT = iphoneos;
				SWIFT_COMPILATION_MODE = wholemodule;
				SWIFT_OPTIMIZATION_LEVEL = "-O";
				VALIDATE_PRODUCT = YES;
			};
			name = Release;
		};
		C4BEA82D25ED626100347F6C /* Debug */ = {
			isa = XCBuildConfiguration;
			buildSettings = {
				ASSETCATALOG_COMPILER_APPICON_NAME = AppIcon;
				ASSETCATALOG_COMPILER_GLOBAL_ACCENT_COLOR_NAME = AccentColor;
				CODE_SIGN_STYLE = Automatic;
				DEVELOPMENT_ASSET_PATHS = "";
				DEVELOPMENT_TEAM = W2HFS492D7;
				ENABLE_PREVIEWS = YES;
				INFOPLIST_FILE = Cookbook/App/Configuration/Info.plist;
				IPHONEOS_DEPLOYMENT_TARGET = 14.1;
				LD_RUNPATH_SEARCH_PATHS = (
					"$(inherited)",
					"@executable_path/Frameworks",
				);
				PRODUCT_BUNDLE_IDENTIFIER = com.rpairo.Cookbook;
				PRODUCT_NAME = "$(TARGET_NAME)";
				SWIFT_VERSION = 5.0;
				TARGETED_DEVICE_FAMILY = "1,2";
			};
			name = Debug;
		};
		C4BEA82E25ED626100347F6C /* Release */ = {
			isa = XCBuildConfiguration;
			buildSettings = {
				ASSETCATALOG_COMPILER_APPICON_NAME = AppIcon;
				ASSETCATALOG_COMPILER_GLOBAL_ACCENT_COLOR_NAME = AccentColor;
				CODE_SIGN_STYLE = Automatic;
				DEVELOPMENT_ASSET_PATHS = "";
				DEVELOPMENT_TEAM = W2HFS492D7;
				ENABLE_PREVIEWS = YES;
				INFOPLIST_FILE = Cookbook/App/Configuration/Info.plist;
				IPHONEOS_DEPLOYMENT_TARGET = 14.1;
				LD_RUNPATH_SEARCH_PATHS = (
					"$(inherited)",
					"@executable_path/Frameworks",
				);
				PRODUCT_BUNDLE_IDENTIFIER = com.rpairo.Cookbook;
				PRODUCT_NAME = "$(TARGET_NAME)";
				SWIFT_VERSION = 5.0;
				TARGETED_DEVICE_FAMILY = "1,2";
			};
			name = Release;
		};
/* End XCBuildConfiguration section */

/* Begin XCConfigurationList section */
		C4BEA81825ED625F00347F6C /* Build configuration list for PBXProject "Cookbook" */ = {
			isa = XCConfigurationList;
			buildConfigurations = (
				C4BEA82A25ED626100347F6C /* Debug */,
				C4BEA82B25ED626100347F6C /* Release */,
			);
			defaultConfigurationIsVisible = 0;
			defaultConfigurationName = Release;
		};
		C4BEA82C25ED626100347F6C /* Build configuration list for PBXNativeTarget "Cookbook" */ = {
			isa = XCConfigurationList;
			buildConfigurations = (
				C4BEA82D25ED626100347F6C /* Debug */,
				C4BEA82E25ED626100347F6C /* Release */,
			);
			defaultConfigurationIsVisible = 0;
			defaultConfigurationName = Release;
		};
/* End XCConfigurationList section */
	};
	rootObject = C4BEA81525ED625F00347F6C /* Project object */;
}
